
Microsoft Visual Studio Solution File, Format Version 12.00
# Visual Studio Version 16
VisualStudioVersion = 16.0.30320.27
MinimumVisualStudioVersion = 10.0.40219.1
Project("{FAE04EC0-301F-11D3-BF4B-00C04F79EFBC}") = "Empleados", "Empleados\Empleados.csproj", "{5DCA8913-E4DC-4EBB-9312-5AD1155250EC}"
EndProject
Global
	GlobalSection(SolutionConfigurationPlatforms) = preSolution
		Debug|Any CPU = Debug|Any CPU
		Release|Any CPU = Release|Any CPU
	EndGlobalSection
	GlobalSection(ProjectConfigurationPlatforms) = postSolution
		{5DCA8913-E4DC-4EBB-9312-5AD1155250EC}.Debug|Any CPU.ActiveCfg = Debug|Any CPU
		{5DCA8913-E4DC-4EBB-9312-5AD1155250EC}.Debug|Any CPU.Build.0 = Debug|Any CPU
		{5DCA8913-E4DC-4EBB-9312-5AD1155250EC}.Release|Any CPU.ActiveCfg = Release|Any CPU
		{5DCA8913-E4DC-4EBB-9312-5AD1155250EC}.Release|Any CPU.Build.0 = Release|Any CPU
	EndGlobalSection
	GlobalSection(SolutionProperties) = preSolution
		HideSolutionNode = FALSE
	EndGlobalSection
	GlobalSection(ExtensibilityGlobals) = postSolution
		SolutionGuid = {5A91AF2C-F347-4A84-A4FC-F3202CB10A8D}
	EndGlobalSection
EndGlobal
